// !$*UTF8*$!
{
	archiveVersion = 1;
	classes = {
	};
	objectVersion = 46;
	objects = {

/* Begin PBXBuildFile section */
		547461351EB91D1D00A2A794 /* AppDelegate.swift in Sources */ = {isa = PBXBuildFile; fileRef = 547461341EB91D1D00A2A794 /* AppDelegate.swift */; };
		547461371EB91D1D00A2A794 /* SelectCategories.swift in Sources */ = {isa = PBXBuildFile; fileRef = 547461361EB91D1D00A2A794 /* SelectCategories.swift */; };
		5474613A1EB91D1E00A2A794 /* Main.storyboard in Resources */ = {isa = PBXBuildFile; fileRef = 547461381EB91D1E00A2A794 /* Main.storyboard */; };
		5474613C1EB91D1E00A2A794 /* Assets.xcassets in Resources */ = {isa = PBXBuildFile; fileRef = 5474613B1EB91D1E00A2A794 /* Assets.xcassets */; };
		5474613F1EB91D1E00A2A794 /* LaunchScreen.storyboard in Resources */ = {isa = PBXBuildFile; fileRef = 5474613D1EB91D1E00A2A794 /* LaunchScreen.storyboard */; };
		B84B4055B941C53EA941E38E /* Pods_EGPrice.framework in Frameworks */ = {isa = PBXBuildFile; fileRef = 634948E13E6B6EE42EE30DE5 /* Pods_EGPrice.framework */; };
/* End PBXBuildFile section */

/* Begin PBXFileReference section */
		2962F4DB42A27CB31804E03E /* Pods-EGPrice.release.xcconfig */ = {isa = PBXFileReference; includeInIndex = 1; lastKnownFileType = text.xcconfig; name = "Pods-EGPrice.release.xcconfig"; path = "Pods/Target Support Files/Pods-EGPrice/Pods-EGPrice.release.xcconfig"; sourceTree = "<group>"; };
		547461311EB91D1D00A2A794 /* EGPrice.app */ = {isa = PBXFileReference; explicitFileType = wrapper.application; includeInIndex = 0; path = EGPrice.app; sourceTree = BUILT_PRODUCTS_DIR; };
		547461341EB91D1D00A2A794 /* AppDelegate.swift */ = {isa = PBXFileReference; lastKnownFileType = sourcecode.swift; path = AppDelegate.swift; sourceTree = "<group>"; };
		547461361EB91D1D00A2A794 /* SelectCategories.swift */ = {isa = PBXFileReference; lastKnownFileType = sourcecode.swift; path = SelectCategories.swift; sourceTree = "<group>"; };
		547461391EB91D1E00A2A794 /* Base */ = {isa = PBXFileReference; lastKnownFileType = file.storyboard; name = Base; path = Base.lproj/Main.storyboard; sourceTree = "<group>"; };
		5474613B1EB91D1E00A2A794 /* Assets.xcassets */ = {isa = PBXFileReference; lastKnownFileType = folder.assetcatalog; path = Assets.xcassets; sourceTree = "<group>"; };
		5474613E1EB91D1E00A2A794 /* Base */ = {isa = PBXFileReference; lastKnownFileType = file.storyboard; name = Base; path = Base.lproj/LaunchScreen.storyboard; sourceTree = "<group>"; };
		547461401EB91D1E00A2A794 /* Info.plist */ = {isa = PBXFileReference; lastKnownFileType = text.plist.xml; path = Info.plist; sourceTree = "<group>"; };
		634948E13E6B6EE42EE30DE5 /* Pods_EGPrice.framework */ = {isa = PBXFileReference; explicitFileType = wrapper.framework; includeInIndex = 0; path = Pods_EGPrice.framework; sourceTree = BUILT_PRODUCTS_DIR; };
		DEB8573E4EBD43949D982070 /* Pods-EGPrice.debug.xcconfig */ = {isa = PBXFileReference; includeInIndex = 1; lastKnownFileType = text.xcconfig; name = "Pods-EGPrice.debug.xcconfig"; path = "Pods/Target Support Files/Pods-EGPrice/Pods-EGPrice.debug.xcconfig"; sourceTree = "<group>"; };
/* End PBXFileReference section */

/* Begin PBXFrameworksBuildPhase section */
		5474612E1EB91D1D00A2A794 /* Frameworks */ = {
			isa = PBXFrameworksBuildPhase;
			buildActionMask = 2147483647;
			files = (
				B84B4055B941C53EA941E38E /* Pods_EGPrice.framework in Frameworks */,
			);
			runOnlyForDeploymentPostprocessing = 0;
		};
/* End PBXFrameworksBuildPhase section */

/* Begin PBXGroup section */
		219CF03711E00B9BC0062657 /* Pods */ = {
			isa = PBXGroup;
			children = (
				DEB8573E4EBD43949D982070 /* Pods-EGPrice.debug.xcconfig */,
				2962F4DB42A27CB31804E03E /* Pods-EGPrice.release.xcconfig */,
			);
			name = Pods;
			sourceTree = "<group>";
		};
		4F05B531B54DD217ACCECE8B /* Frameworks */ = {
			isa = PBXGroup;
			children = (
				634948E13E6B6EE42EE30DE5 /* Pods_EGPrice.framework */,
			);
			name = Frameworks;
			sourceTree = "<group>";
		};
		547461281EB91D1C00A2A794 = {
			isa = PBXGroup;
			children = (
				547461331EB91D1D00A2A794 /* EGPrice */,
				547461321EB91D1D00A2A794 /* Products */,
				219CF03711E00B9BC0062657 /* Pods */,
				4F05B531B54DD217ACCECE8B /* Frameworks */,
			);
			sourceTree = "<group>";
		};
		547461321EB91D1D00A2A794 /* Products */ = {
			isa = PBXGroup;
			children = (
				547461311EB91D1D00A2A794 /* EGPrice.app */,
			);
			name = Products;
			sourceTree = "<group>";
		};
		547461331EB91D1D00A2A794 /* EGPrice */ = {
			isa = PBXGroup;
			children = (
				547461341EB91D1D00A2A794 /* AppDelegate.swift */,
				547461361EB91D1D00A2A794 /* SelectCategories.swift */,
				547461381EB91D1E00A2A794 /* Main.storyboard */,
				5474613B1EB91D1E00A2A794 /* Assets.xcassets */,
				5474613D1EB91D1E00A2A794 /* LaunchScreen.storyboard */,
				547461401EB91D1E00A2A794 /* Info.plist */,
			);
			path = EGPrice;
			sourceTree = "<group>";
		};
/* End PBXGroup section */

/* Begin PBXNativeTarget section */
		547461301EB91D1D00A2A794 /* EGPrice */ = {
			isa = PBXNativeTarget;
			buildConfigurationList = 547461431EB91D1E00A2A794 /* Build configuration list for PBXNativeTarget "EGPrice" */;
			buildPhases = (
				CB650210CFC18273CBA21FF5 /* [CP] Check Pods Manifest.lock */,
				5474612D1EB91D1D00A2A794 /* Sources */,
				5474612E1EB91D1D00A2A794 /* Frameworks */,
				5474612F1EB91D1D00A2A794 /* Resources */,
				50A333FE6FE63ADC6B1A1BD4 /* [CP] Embed Pods Frameworks */,
				5A258434CBCC7D68E4FB8F9C /* [CP] Copy Pods Resources */,
			);
			buildRules = (
			);
			dependencies = (
			);
			name = EGPrice;
			productName = EGPrice;
			productReference = 547461311EB91D1D00A2A794 /* EGPrice.app */;
			productType = "com.apple.product-type.application";
		};
/* End PBXNativeTarget section */

/* Begin PBXProject section */
		547461291EB91D1C00A2A794 /* Project object */ = {
			isa = PBXProject;
			attributes = {
				LastSwiftUpdateCheck = 0830;
				LastUpgradeCheck = 0830;
				ORGANIZATIONNAME = "Production Code";
				TargetAttributes = {
					547461301EB91D1D00A2A794 = {
						CreatedOnToolsVersion = 8.3;
						DevelopmentTeam = 9GDF3DQEXP;
						ProvisioningStyle = Automatic;
					};
				};
			};
			buildConfigurationList = 5474612C1EB91D1C00A2A794 /* Build configuration list for PBXProject "EGPrice" */;
			compatibilityVersion = "Xcode 3.2";
			developmentRegion = English;
			hasScannedForEncodings = 0;
			knownRegions = (
				en,
				Base,
			);
			mainGroup = 547461281EB91D1C00A2A794;
			productRefGroup = 547461321EB91D1D00A2A794 /* Products */;
			projectDirPath = "";
			projectRoot = "";
			targets = (
				547461301EB91D1D00A2A794 /* EGPrice */,
			);
		};
/* End PBXProject section */

/* Begin PBXResourcesBuildPhase section */
		5474612F1EB91D1D00A2A794 /* Resources */ = {
			isa = PBXResourcesBuildPhase;
			buildActionMask = 2147483647;
			files = (
				5474613F1EB91D1E00A2A794 /* LaunchScreen.storyboard in Resources */,
				5474613C1EB91D1E00A2A794 /* Assets.xcassets in Resources */,
				5474613A1EB91D1E00A2A794 /* Main.storyboard in Resources */,
			);
			runOnlyForDeploymentPostprocessing = 0;
		};
/* End PBXResourcesBuildPhase section */

/* Begin PBXShellScriptBuildPhase section */
		50A333FE6FE63ADC6B1A1BD4 /* [CP] Embed Pods Frameworks */ = {
			isa = PBXShellScriptBuildPhase;
			buildActionMask = 2147483647;
			files = (
			);
			inputPaths = (
			);
			name = "[CP] Embed Pods Frameworks";
			outputPaths = (
			);
			runOnlyForDeploymentPostprocessing = 0;
			shellPath = /bin/sh;
			shellScript = "\"${SRCROOT}/Pods/Target Support Files/Pods-EGPrice/Pods-EGPrice-frameworks.sh\"\n";
			showEnvVarsInLog = 0;
		};
		5A258434CBCC7D68E4FB8F9C /* [CP] Copy Pods Resources */ = {
			isa = PBXShellScriptBuildPhase;
			buildActionMask = 2147483647;
			files = (
			);
			inputPaths = (
			);
			name = "[CP] Copy Pods Resources";
			outputPaths = (
			);
			runOnlyForDeploymentPostprocessing = 0;
			shellPath = /bin/sh;
			shellScript = "\"${SRCROOT}/Pods/Target Support Files/Pods-EGPrice/Pods-EGPrice-resources.sh\"\n";
			showEnvVarsInLog = 0;
		};
		CB650210CFC18273CBA21FF5 /* [CP] Check Pods Manifest.lock */ = {
			isa = PBXShellScriptBuildPhase;
			buildActionMask = 2147483647;
			files = (
			);
			inputPaths = (
			);
			name = "[CP] Check Pods Manifest.lock";
			outputPaths = (
			);
			runOnlyForDeploymentPostprocessing = 0;
			shellPath = /bin/sh;
			shellScript = "diff \"${PODS_PODFILE_DIR_PATH}/Podfile.lock\" \"${PODS_ROOT}/Manifest.lock\" > /dev/null\nif [ $? != 0 ] ; then\n    # print error to STDERR\n    echo \"error: The sandbox is not in sync with the Podfile.lock. Run 'pod install' or update your CocoaPods installation.\" >&2\n    exit 1\nfi\n";
			showEnvVarsInLog = 0;
		};
/* End PBXShellScriptBuildPhase section */

/* Begin PBXSourcesBuildPhase section */
		5474612D1EB91D1D00A2A794 /* Sources */ = {
			isa = PBXSourcesBuildPhase;
			buildActionMask = 2147483647;
			files = (
				547461371EB91D1D00A2A794 /* SelectCategories.swift in Sources */,
				547461351EB91D1D00A2A794 /* AppDelegate.swift in Sources */,
			);
			runOnlyForDeploymentPostprocessing = 0;
		};
/* End PBXSourcesBuildPhase section */

/* Begin PBXVariantGroup section */
		547461381EB91D1E00A2A794 /* Main.storyboard */ = {
			isa = PBXVariantGroup;
			children = (
				547461391EB91D1E00A2A794 /* Base */,
			);
			name = Main.storyboard;
			sourceTree = "<group>";
		};
		5474613D1EB91D1E00A2A794 /* LaunchScreen.storyboard */ = {
			isa = PBXVariantGroup;
			children = (
				5474613E1EB91D1E00A2A794 /* Base */,
			);
			name = LaunchScreen.storyboard;
			sourceTree = "<group>";
		};
/* End PBXVariantGroup section */

/* Begin XCBuildConfiguration section */
		547461411EB91D1E00A2A794 /* Debug */ = {
			isa = XCBuildConfiguration;
			buildSettings = {
				ALWAYS_SEARCH_USER_PATHS = NO;
				CLANG_ANALYZER_NONNULL = YES;
				CLANG_ANALYZER_NUMBER_OBJECT_CONVERSION = YES_AGGRESSIVE;
				CLANG_CXX_LANGUAGE_STANDARD = "gnu++0x";
				CLANG_CXX_LIBRARY = "libc++";
				CLANG_ENABLE_MODULES = YES;
				CLANG_ENABLE_OBJC_ARC = YES;
				CLANG_WARN_BOOL_CONVERSION = YES;
				CLANG_WARN_CONSTANT_CONVERSION = YES;
				CLANG_WARN_DIRECT_OBJC_ISA_USAGE = YES_ERROR;
				CLANG_WARN_DOCUMENTATION_COMMENTS = YES;
				CLANG_WARN_EMPTY_BODY = YES;
				CLANG_WARN_ENUM_CONVERSION = YES;
				CLANG_WARN_INFINITE_RECURSION = YES;
				CLANG_WARN_INT_CONVERSION = YES;
				CLANG_WARN_OBJC_ROOT_CLASS = YES_ERROR;
				CLANG_WARN_SUSPICIOUS_MOVE = YES;
				CLANG_WARN_UNREACHABLE_CODE = YES;
				CLANG_WARN__DUPLICATE_METHOD_MATCH = YES;
				"CODE_SIGN_IDENTITY[sdk=iphoneos*]" = "iPhone Developer";
				COPY_PHASE_STRIP = NO;
				DEBUG_INFORMATION_FORMAT = dwarf;
				ENABLE_STRICT_OBJC_MSGSEND = YES;
				ENABLE_TESTABILITY = YES;
				GCC_C_LANGUAGE_STANDARD = gnu99;
				GCC_DYNAMIC_NO_PIC = NO;
				GCC_NO_COMMON_BLOCKS = YES;
				GCC_OPTIMIZATION_LEVEL = 0;
				GCC_PREPROCESSOR_DEFINITIONS = (
					"DEBUG=1",
					"$(inherited)",
				);
				GCC_WARN_64_TO_32_BIT_CONVERSION = YES;
				GCC_WARN_ABOUT_RETURN_TYPE = YES_ERROR;
				GCC_WARN_UNDECLARED_SELECTOR = YES;
				GCC_WARN_UNINITIALIZED_AUTOS = YES_AGGRESSIVE;
				GCC_WARN_UNUSED_FUNCTION = YES;
				GCC_WARN_UNUSED_VARIABLE = YES;
				IPHONEOS_DEPLOYMENT_TARGET = 10.3;
				MTL_ENABLE_DEBUG_INFO = YES;
				ONLY_ACTIVE_ARCH = YES;
				SDKROOT = iphoneos;
				SWIFT_ACTIVE_COMPILATION_CONDITIONS = DEBUG;
				SWIFT_OPTIMIZATION_LEVEL = "-Onone";
				TARGETED_DEVICE_FAMILY = "1,2";
			};
			name = Debug;
		};
		547461421EB91D1E00A2A794 /* Release */ = {
			isa = XCBuildConfiguration;
			buildSettings = {
				ALWAYS_SEARCH_USER_PATHS = NO;
				CLANG_ANALYZER_NONNULL = YES;
				CLANG_ANALYZER_NUMBER_OBJECT_CONVERSION = YES_AGGRESSIVE;
				CLANG_CXX_LANGUAGE_STANDARD = "gnu++0x";
				CLANG_CXX_LIBRARY = "libc++";
				CLANG_ENABLE_MODULES = YES;
				CLANG_ENABLE_OBJC_ARC = YES;
				CLANG_WARN_BOOL_CONVERSION = YES;
				CLANG_WARN_CONSTANT_CONVERSION = YES;
				CLANG_WARN_DIRECT_OBJC_ISA_USAGE = YES_ERROR;
				CLANG_WARN_DOCUMENTATION_COMMENTS = YES;
				CLANG_WARN_EMPTY_BODY = YES;
				CLANG_WARN_ENUM_CONVERSION = YES;
				CLANG_WARN_INFINITE_RECURSION = YES;
				CLANG_WARN_INT_CONVERSION = YES;
				CLANG_WARN_OBJC_ROOT_CLASS = YES_ERROR;
				CLANG_WARN_SUSPICIOUS_MOVE = YES;
				CLANG_WARN_UNREACHABLE_CODE = YES;
				CLANG_WARN__DUPLICATE_METHOD_MATCH = YES;
				"CODE_SIGN_IDENTITY[sdk=iphoneos*]" = "iPhone Developer";
				COPY_PHASE_STRIP = NO;
				DEBUG_INFORMATION_FORMAT = "dwarf-with-dsym";
				ENABLE_NS_ASSERTIONS = NO;
				ENABLE_STRICT_OBJC_MSGSEND = YES;
				GCC_C_LANGUAGE_STANDARD = gnu99;
				GCC_NO_COMMON_BLOCKS = YES;
				GCC_WARN_64_TO_32_BIT_CONVERSION = YES;
				GCC_WARN_ABOUT_RETURN_TYPE = YES_ERROR;
				GCC_WARN_UNDECLARED_SELECTOR = YES;
				GCC_WARN_UNINITIALIZED_AUTOS = YES_AGGRESSIVE;
				GCC_WARN_UNUSED_FUNCTION = YES;
				GCC_WARN_UNUSED_VARIABLE = YES;
				IPHONEOS_DEPLOYMENT_TARGET = 10.3;
				MTL_ENABLE_DEBUG_INFO = NO;
				SDKROOT = iphoneos;
				SWIFT_OPTIMIZATION_LEVEL = "-Owholemodule";
				TARGETED_DEVICE_FAMILY = "1,2";
				VALIDATE_PRODUCT = YES;
			};
			name = Release;
		};
		547461441EB91D1E00A2A794 /* Debug */ = {
			isa = XCBuildConfiguration;
			baseConfigurationReference = DEB8573E4EBD43949D982070 /* Pods-EGPrice.debug.xcconfig */;
			buildSettings = {
				ASSETCATALOG_COMPILER_APPICON_NAME = AppIcon;
				DEVELOPMENT_TEAM = 9GDF3DQEXP;
				INFOPLIST_FILE = EGPrice/Info.plist;
				LD_RUNPATH_SEARCH_PATHS = "$(inherited) @executable_path/Frameworks";
				PRODUCT_BUNDLE_IDENTIFIER = com.pcode.EGPrice;
				PRODUCT_NAME = "$(TARGET_NAME)";
				SWIFT_VERSION = 3.0;
				TARGETED_DEVICE_FAMILY = 1;
			};
			name = Debug;
		};
		547461451EB91D1E00A2A794 /* Release */ = {
			isa = XCBuildConfiguration;
			baseConfigurationReference = 2962F4DB42A27CB31804E03E /* Pods-EGPrice.release.xcconfig */;
			buildSettings = {
				ASSETCATALOG_COMPILER_APPICON_NAME = AppIcon;
				DEVELOPMENT_TEAM = 9GDF3DQEXP;
				INFOPLIST_FILE = EGPrice/Info.plist;
				LD_RUNPATH_SEARCH_PATHS = "$(inherited) @executable_path/Frameworks";
				PRODUCT_BUNDLE_IDENTIFIER = com.pcode.EGPrice;
				PRODUCT_NAME = "$(TARGET_NAME)";
				SWIFT_VERSION = 3.0;
				TARGETED_DEVICE_FAMILY = 1;
			};
			name = Release;
		};
/* End XCBuildConfiguration section */

/* Begin XCConfigurationList section */
		5474612C1EB91D1C00A2A794 /* Build configuration list for PBXProject "EGPrice" */ = {
			isa = XCConfigurationList;
			buildConfigurations = (
				547461411EB91D1E00A2A794 /* Debug */,
				547461421EB91D1E00A2A794 /* Release */,
			);
			defaultConfigurationIsVisible = 0;
			defaultConfigurationName = Release;
		};
		547461431EB91D1E00A2A794 /* Build configuration list for PBXNativeTarget "EGPrice" */ = {
			isa = XCConfigurationList;
			buildConfigurations = (
				547461441EB91D1E00A2A794 /* Debug */,
				547461451EB91D1E00A2A794 /* Release */,
			);
			defaultConfigurationIsVisible = 0;
			defaultConfigurationName = Release;
		};
/* End XCConfigurationList section */
	};
	rootObject = 547461291EB91D1C00A2A794 /* Project object */;
}
