PODS:
  - Alamofire (4.4.0)
  - JYDropDownMenu (1.0.1)
  - SwiftyJSON (3.1.4)

DEPENDENCIES:
  - Alamofire
  - JYDropDownMenu (~> 1.0.1)
  - SwiftyJSON

SPEC CHECKSUMS:
  Alamofire: dc44b1600b800eb63da6a19039a0083d62a6a62d
  JYDropDownMenu: ebce7074e4e1b6b70f8d4fa04fa3d1936bff10c9
  SwiftyJSON: c2842d878f95482ffceec5709abc3d05680c0220

PODFILE CHECKSUM: 92937fc00b72fe17e09d969f3331ebf188eaa82e

COCOAPODS: 1.2.1
